
Microsoft Visual Studio Solution File, Format Version 12.00
# Visual Studio Version 16
VisualStudioVersion = 16.0.29418.71
MinimumVisualStudioVersion = 10.0.40219.1
Project("{FAE04EC0-301F-11D3-BF4B-00C04F79EFBC}") = "Lab02.2", "Lab02.2\Lab02.2.csproj", "{758B5511-83C6-4401-ADD4-7B63B6D48ADE}"
EndProject
Global
	GlobalSection(SolutionConfigurationPlatforms) = preSolution
		Debug|Any CPU = Debug|Any CPU
		Release|Any CPU = Release|Any CPU
	EndGlobalSection
	GlobalSection(ProjectConfigurationPlatforms) = postSolution
		{758B5511-83C6-4401-ADD4-7B63B6D48ADE}.Debug|Any CPU.ActiveCfg = Debug|Any CPU
		{758B5511-83C6-4401-ADD4-7B63B6D48ADE}.Debug|Any CPU.Build.0 = Debug|Any CPU
		{758B5511-83C6-4401-ADD4-7B63B6D48ADE}.Release|Any CPU.ActiveCfg = Release|Any CPU
		{758B5511-83C6-4401-ADD4-7B63B6D48ADE}.Release|Any CPU.Build.0 = Release|Any CPU
	EndGlobalSection
	GlobalSection(SolutionProperties) = preSolution
		HideSolutionNode = FALSE
	EndGlobalSection
	GlobalSection(ExtensibilityGlobals) = postSolution
		SolutionGuid = {27124E3E-6608-495F-82EB-3EA3F8B04D62}
	EndGlobalSection
EndGlobal
