
Microsoft Visual Studio Solution File, Format Version 12.00
# Visual Studio Version 16
VisualStudioVersion = 16.0.29418.71
MinimumVisualStudioVersion = 10.0.40219.1
Project("{FAE04EC0-301F-11D3-BF4B-00C04F79EFBC}") = "Lab06", "Lab06\Lab06.csproj", "{0D3FE9BE-0F0D-4AD0-942D-8BA1CC0084DE}"
EndProject
Global
	GlobalSection(SolutionConfigurationPlatforms) = preSolution
		Debug|Any CPU = Debug|Any CPU
		Release|Any CPU = Release|Any CPU
	EndGlobalSection
	GlobalSection(ProjectConfigurationPlatforms) = postSolution
		{0D3FE9BE-0F0D-4AD0-942D-8BA1CC0084DE}.Debug|Any CPU.ActiveCfg = Debug|Any CPU
		{0D3FE9BE-0F0D-4AD0-942D-8BA1CC0084DE}.Debug|Any CPU.Build.0 = Debug|Any CPU
		{0D3FE9BE-0F0D-4AD0-942D-8BA1CC0084DE}.Release|Any CPU.ActiveCfg = Release|Any CPU
		{0D3FE9BE-0F0D-4AD0-942D-8BA1CC0084DE}.Release|Any CPU.Build.0 = Release|Any CPU
	EndGlobalSection
	GlobalSection(SolutionProperties) = preSolution
		HideSolutionNode = FALSE
	EndGlobalSection
	GlobalSection(ExtensibilityGlobals) = postSolution
		SolutionGuid = {1DEB22A9-6054-41F0-B5FB-61B876D72264}
	EndGlobalSection
EndGlobal
